
Microsoft Visual Studio Solution File, Format Version 12.00
# Visual Studio Version 16
VisualStudioVersion = 16.0.31702.278
MinimumVisualStudioVersion = 10.0.40219.1
Project("{FAE04EC0-301F-11D3-BF4B-00C04F79EFBC}") = "DB대여점_5584426권여진", "DB대여점_5584426권여진\DB대여점_5584426권여진.csproj", "{BB0B69E4-A387-461C-B1A7-DBDCD6C47A41}"
EndProject
Global
	GlobalSection(SolutionConfigurationPlatforms) = preSolution
		Debug|Any CPU = Debug|Any CPU
		Release|Any CPU = Release|Any CPU
	EndGlobalSection
	GlobalSection(ProjectConfigurationPlatforms) = postSolution
		{BB0B69E4-A387-461C-B1A7-DBDCD6C47A41}.Debug|Any CPU.ActiveCfg = Debug|Any CPU
		{BB0B69E4-A387-461C-B1A7-DBDCD6C47A41}.Debug|Any CPU.Build.0 = Debug|Any CPU
		{BB0B69E4-A387-461C-B1A7-DBDCD6C47A41}.Release|Any CPU.ActiveCfg = Release|Any CPU
		{BB0B69E4-A387-461C-B1A7-DBDCD6C47A41}.Release|Any CPU.Build.0 = Release|Any CPU
	EndGlobalSection
	GlobalSection(SolutionProperties) = preSolution
		HideSolutionNode = FALSE
	EndGlobalSection
	GlobalSection(ExtensibilityGlobals) = postSolution
		SolutionGuid = {914B2564-4496-4228-A066-12F996A83439}
	EndGlobalSection
EndGlobal
